
Microsoft Visual Studio Solution File, Format Version 12.00
Project("{FAE04EC0-301F-11D3-BF4B-00C04F79EFBC}") = "CsharpIntro", "CsharpIntro\CsharpIntro.csproj", "{B38D742B-6424-4B07-A5FD-BED2D7DB4237}"
EndProject
Project("{FAE04EC0-301F-11D3-BF4B-00C04F79EFBC}") = "WebApplication", "WebApplication\WebApplication.csproj", "{82AB265A-29A3-46B9-85AD-FCD08FEF0657}"
EndProject
Global
	GlobalSection(SolutionConfigurationPlatforms) = preSolution
		Debug|Any CPU = Debug|Any CPU
		Release|Any CPU = Release|Any CPU
	EndGlobalSection
	GlobalSection(ProjectConfigurationPlatforms) = postSolution
		{B38D742B-6424-4B07-A5FD-BED2D7DB4237}.Debug|Any CPU.ActiveCfg = Debug|Any CPU
		{B38D742B-6424-4B07-A5FD-BED2D7DB4237}.Debug|Any CPU.Build.0 = Debug|Any CPU
		{B38D742B-6424-4B07-A5FD-BED2D7DB4237}.Release|Any CPU.ActiveCfg = Release|Any CPU
		{B38D742B-6424-4B07-A5FD-BED2D7DB4237}.Release|Any CPU.Build.0 = Release|Any CPU
		{82AB265A-29A3-46B9-85AD-FCD08FEF0657}.Debug|Any CPU.ActiveCfg = Debug|Any CPU
		{82AB265A-29A3-46B9-85AD-FCD08FEF0657}.Debug|Any CPU.Build.0 = Debug|Any CPU
		{82AB265A-29A3-46B9-85AD-FCD08FEF0657}.Release|Any CPU.ActiveCfg = Release|Any CPU
		{82AB265A-29A3-46B9-85AD-FCD08FEF0657}.Release|Any CPU.Build.0 = Release|Any CPU
	EndGlobalSection
EndGlobal
